{
  "nodes": {
    "brew-src": {
      "flake": false,
      "locked": {
        "lastModified": 1742457334,
        "narHash": "sha256-Gn7ruyb3NDFr+SsHBfA2NsJI8YkkWdECqLRj/xcjt+E=",
        "owner": "Homebrew",
        "repo": "brew",
        "rev": "f3bd91d3afe086824d24708230e1f0c7f943135a",
        "type": "github"
      },
      "original": {
        "owner": "Homebrew",
        "ref": "4.4.25",
        "repo": "brew",
        "type": "github"
      }
    },
    "community-emacs": {
      "inputs": {
        "nixpkgs": "nixpkgs",
        "nixpkgs-stable": "nixpkgs-stable"
      },
      "locked": {
        "lastModified": 1743614257,
        "narHash": "sha256-Twr8RN+jwMtZjbR5DnU1LpsD1AFbkZtoBGRDpPD6isc=",
        "owner": "nix-community",
        "repo": "emacs-overlay",
        "rev": "513da799bd6dc36b9ee69db71f102257dab665e6",
        "type": "github"
      },
      "original": {
        "owner": "nix-community",
        "repo": "emacs-overlay",
        "type": "github"
      }
    },
    "flake-compat": {
      "flake": false,
      "locked": {
        "lastModified": 1696426674,
        "narHash": "sha256-kvjfFW7WAETZlt09AgDn1MrtKzP7t90Vf7vypd3OL1U=",
        "owner": "edolstra",
        "repo": "flake-compat",
        "rev": "0f9255e01c2351cc7d116c072cb317785dd33b33",
        "type": "github"
      },
      "original": {
        "owner": "edolstra",
        "repo": "flake-compat",
        "type": "github"
      }
    },
    "flake-utils": {
      "inputs": {
        "systems": "systems"
      },
      "locked": {
        "lastModified": 1731533236,
        "narHash": "sha256-l0KFg5HjrsfsO/JpG+r7fRrqm12kzFHyUHqHCVpMMbI=",
        "owner": "numtide",
        "repo": "flake-utils",
        "rev": "11707dc2f618dd54ca8739b309ec4fc024de578b",
        "type": "github"
      },
      "original": {
        "owner": "numtide",
        "repo": "flake-utils",
        "type": "github"
      }
    },
    "flake-utils_2": {
      "inputs": {
        "systems": "systems_2"
      },
      "locked": {
        "lastModified": 1726560853,
        "narHash": "sha256-X6rJYSESBVr3hBoH0WbKE5KvhPU5bloyZ2L4K60/fPQ=",
        "owner": "numtide",
        "repo": "flake-utils",
        "rev": "c1dfcf08411b08f6b8615f7d8971a2bfa81d5e8a",
        "type": "github"
      },
      "original": {
        "owner": "numtide",
        "repo": "flake-utils",
        "type": "github"
      }
    },
    "forester": {
      "inputs": {
        "flake-utils": "flake-utils",
        "nixpkgs": "nixpkgs_2",
        "opam-nix": "opam-nix",
        "opam-repository": "opam-repository"
      },
      "locked": {
        "lastModified": 1744537866,
        "narHash": "sha256-GJ2mL2hThTFbwLjENnHXhbFaGtdAfvOCRLkTYXAGGPY=",
        "ref": "forester-5.0-dev",
        "rev": "322de77ba15e989cfc8f043c9216ff1bb4be7adf",
        "revCount": 1078,
        "type": "git",
        "url": "https://git.sr.ht/~jonsterling/ocaml-forester"
      },
      "original": {
        "ref": "forester-5.0-dev",
        "type": "git",
        "url": "https://git.sr.ht/~jonsterling/ocaml-forester"
      }
    },
    "home-manager": {
      "inputs": {
        "nixpkgs": [
          "nixpkgs"
        ]
      },
      "locked": {
        "lastModified": 1743387206,
        "narHash": "sha256-24N3NAuZZbYqZ39NgToZgHUw6M7xHrtrAm18kv0+2Wo=",
        "owner": "nix-community",
        "repo": "home-manager",
        "rev": "15c5f9d04fabd176f30286c8f52bbdb2c853a146",
        "type": "github"
      },
      "original": {
        "owner": "nix-community",
        "ref": "release-24.11",
        "repo": "home-manager",
        "type": "github"
      }
    },
    "homebrew-bundle": {
      "flake": false,
      "locked": {
        "lastModified": 1742475687,
        "narHash": "sha256-GoaP8X0livBYzfb8kRCyf3z61+sXSh6tE5gMZtxjLQA=",
        "owner": "homebrew",
        "repo": "homebrew-bundle",
        "rev": "dc4311afc4c34833b288cd4978421803ec2c9ff8",
        "type": "github"
      },
      "original": {
        "owner": "homebrew",
        "repo": "homebrew-bundle",
        "type": "github"
      }
    },
    "homebrew-cask": {
      "flake": false,
      "locked": {
        "lastModified": 1743623276,
        "narHash": "sha256-Jfq8s86EAZ4Acf7OJYuRuIrzVOcAfAnbTu0/Vw2Go88=",
        "owner": "homebrew",
        "repo": "homebrew-cask",
        "rev": "a7f882f7b81ab5beeaf771667d6d597ee9fe4ac8",
        "type": "github"
      },
      "original": {
        "owner": "homebrew",
        "repo": "homebrew-cask",
        "type": "github"
      }
    },
    "homebrew-core": {
      "flake": false,
      "locked": {
        "lastModified": 1743624672,
        "narHash": "sha256-dqGXF9eeaX9C2a1Cben/GBoXy6ScPcZ/YLsCcnTaQHs=",
        "owner": "homebrew",
        "repo": "homebrew-core",
        "rev": "af939553609c0d77cffc0da7d4b0c038b78062c8",
        "type": "github"
      },
      "original": {
        "owner": "homebrew",
        "repo": "homebrew-core",
        "type": "github"
      }
    },
    "mirage-opam-overlays": {
      "flake": false,
      "locked": {
        "lastModified": 1710922379,
        "narHash": "sha256-j4QREQDUf8oHOX7qg6wAOupgsNQoYlufxoPrgagD+pY=",
        "owner": "dune-universe",
        "repo": "mirage-opam-overlays",
        "rev": "797cb363df3ff763c43c8fbec5cd44de2878757e",
        "type": "github"
      },
      "original": {
        "owner": "dune-universe",
        "repo": "mirage-opam-overlays",
        "type": "github"
      }
    },
    "nix-darwin": {
      "inputs": {
        "nixpkgs": [
          "nixpkgs"
        ]
      },
      "locked": {
        "lastModified": 1743127615,
        "narHash": "sha256-+sMGqywrSr50BGMLMeY789mSrzjkoxZiu61eWjYS/8o=",
        "owner": "nix-darwin",
        "repo": "nix-darwin",
        "rev": "fc843893cecc1838a59713ee3e50e9e7edc6207c",
        "type": "github"
      },
      "original": {
        "owner": "nix-darwin",
        "ref": "nix-darwin-24.11",
        "repo": "nix-darwin",
        "type": "github"
      }
    },
    "nix-darwin_2": {
      "inputs": {
        "nixpkgs": "nixpkgs_3"
      },
      "locked": {
        "lastModified": 1716329735,
        "narHash": "sha256-ap51w+VqG21vuzyQ04WrhI2YbWHd3UGz0e7dc/QQmoA=",
        "owner": "LnL7",
        "repo": "nix-darwin",
        "rev": "eac4f25028c1975a939c8f8fba95c12f8a25e01c",
        "type": "github"
      },
      "original": {
        "owner": "LnL7",
        "repo": "nix-darwin",
        "type": "github"
      }
    },
    "nix-homebrew": {
      "inputs": {
        "brew-src": "brew-src",
        "nix-darwin": "nix-darwin_2",
        "nixpkgs": "nixpkgs_4"
      },
      "locked": {
        "lastModified": 1742619394,
        "narHash": "sha256-8uwIBjbKxeJ7u0VACSNs634HwtgRLxP6/+cIkUXmuyI=",
        "owner": "zhaofengli-wip",
        "repo": "nix-homebrew",
        "rev": "04b0536479d2d2e8d71dc8c8ee97c2b61f0c9987",
        "type": "github"
      },
      "original": {
        "owner": "zhaofengli-wip",
        "repo": "nix-homebrew",
        "type": "github"
      }
    },
    "nixpkgs": {
      "locked": {
        "lastModified": 1743448293,
        "narHash": "sha256-bmEPmSjJakAp/JojZRrUvNcDX2R5/nuX6bm+seVaGhs=",
        "owner": "NixOS",
        "repo": "nixpkgs",
        "rev": "77b584d61ff80b4cef9245829a6f1dfad5afdfa3",
        "type": "github"
      },
      "original": {
        "owner": "NixOS",
        "ref": "nixos-unstable",
        "repo": "nixpkgs",
        "type": "github"
      }
    },
    "nixpkgs-stable": {
      "locked": {
        "lastModified": 1743501102,
        "narHash": "sha256-7PCBQ4aGVF8OrzMkzqtYSKyoQuU2jtpPi4lmABpe5X4=",
        "owner": "NixOS",
        "repo": "nixpkgs",
        "rev": "02f2af8c8a8c3b2c05028936a1e84daefa1171d4",
        "type": "github"
      },
      "original": {
        "owner": "NixOS",
        "ref": "nixos-24.11",
        "repo": "nixpkgs",
        "type": "github"
      }
    },
    "nixpkgs_2": {
      "locked": {
        "lastModified": 1744463964,
        "narHash": "sha256-LWqduOgLHCFxiTNYi3Uj5Lgz0SR+Xhw3kr/3Xd0GPTM=",
        "owner": "NixOS",
        "repo": "nixpkgs",
        "rev": "2631b0b7abcea6e640ce31cd78ea58910d31e650",
        "type": "github"
      },
      "original": {
        "owner": "NixOS",
        "ref": "nixos-unstable",
        "repo": "nixpkgs",
        "type": "github"
      }
    },
    "nixpkgs_3": {
      "locked": {
        "lastModified": 1687274257,
        "narHash": "sha256-TutzPriQcZ8FghDhEolnHcYU2oHIG5XWF+/SUBNnAOE=",
        "path": "/nix/store/22qgs3skscd9bmrxv9xv4q5d4wwm5ppx-source",
        "rev": "2c9ecd1f0400076a4d6b2193ad468ff0a7e7fdc5",
        "type": "path"
      },
      "original": {
        "id": "nixpkgs",
        "type": "indirect"
      }
    },
    "nixpkgs_4": {
      "locked": {
        "lastModified": 1716330097,
        "narHash": "sha256-8BO3B7e3BiyIDsaKA0tY8O88rClYRTjvAp66y+VBUeU=",
        "owner": "NixOS",
        "repo": "nixpkgs",
        "rev": "5710852ba686cc1fd0d3b8e22b3117d43ba374c2",
        "type": "github"
      },
      "original": {
        "owner": "NixOS",
        "ref": "nixos-unstable",
        "repo": "nixpkgs",
        "type": "github"
      }
    },
    "nixpkgs_5": {
      "locked": {
        "lastModified": 1743538134,
        "narHash": "sha256-ZqjOyAtoOk4xI1K+56/XjCCFqeIfvECupMuKe/wiz7s=",
        "owner": "NixOS",
        "repo": "nixpkgs",
        "rev": "07bba54a1e6c02a6e88cecf4d6a8ef487956fb29",
        "type": "github"
      },
      "original": {
        "owner": "NixOS",
        "ref": "nixpkgs-24.11-darwin",
        "repo": "nixpkgs",
        "type": "github"
      }
    },
    "nixpkgs_6": {
      "locked": {
        "lastModified": 1742288794,
        "narHash": "sha256-Txwa5uO+qpQXrNG4eumPSD+hHzzYi/CdaM80M9XRLCo=",
        "owner": "nixos",
        "repo": "nixpkgs",
        "rev": "b6eaf97c6960d97350c584de1b6dcff03c9daf42",
        "type": "github"
      },
      "original": {
        "owner": "nixos",
        "ref": "nixos-unstable",
        "repo": "nixpkgs",
        "type": "github"
      }
    },
    "opam-nix": {
      "inputs": {
        "flake-compat": "flake-compat",
        "flake-utils": "flake-utils_2",
        "mirage-opam-overlays": "mirage-opam-overlays",
        "nixpkgs": [
          "forester",
          "nixpkgs"
        ],
        "opam-overlays": "opam-overlays",
        "opam-repository": [
          "forester",
          "opam-repository"
        ],
        "opam2json": "opam2json"
      },
      "locked": {
        "lastModified": 1744377764,
        "narHash": "sha256-CKZLqLgZtMrUyZKlroISYp6Z4aoN1N9xeyk0dPNxGvc=",
        "owner": "tweag",
        "repo": "opam-nix",
        "rev": "33a339b3a871eecfcb0ad3222366e6d8ce4bff6a",
        "type": "github"
      },
      "original": {
        "owner": "tweag",
        "repo": "opam-nix",
        "type": "github"
      }
    },
    "opam-overlays": {
      "flake": false,
      "locked": {
        "lastModified": 1726822209,
        "narHash": "sha256-bwM18ydNT9fYq91xfn4gmS21q322NYrKwfq0ldG9GYw=",
        "owner": "dune-universe",
        "repo": "opam-overlays",
        "rev": "f2bec38beca4aea9e481f2fd3ee319c519124649",
        "type": "github"
      },
      "original": {
        "owner": "dune-universe",
        "repo": "opam-overlays",
        "type": "github"
      }
    },
    "opam-repository": {
      "flake": false,
      "locked": {
        "lastModified": 1744388127,
        "narHash": "sha256-EgMUWmpHJEzwtN19Atho+OaF6KuhvrdR+oLTrpdF5hI=",
        "owner": "ocaml",
        "repo": "opam-repository",
        "rev": "34a3fc46c301a891122df75c17fef6b5358bd68f",
        "type": "github"
      },
      "original": {
        "owner": "ocaml",
        "repo": "opam-repository",
        "type": "github"
      }
    },
    "opam2json": {
      "inputs": {
        "nixpkgs": [
          "forester",
          "opam-nix",
          "nixpkgs"
        ]
      },
      "locked": {
        "lastModified": 1671540003,
        "narHash": "sha256-5pXfbUfpVABtKbii6aaI2EdAZTjHJ2QntEf0QD2O5AM=",
        "owner": "tweag",
        "repo": "opam2json",
        "rev": "819d291ea95e271b0e6027679de6abb4d4f7f680",
        "type": "github"
      },
      "original": {
        "owner": "tweag",
        "repo": "opam2json",
        "type": "github"
      }
    },
    "root": {
      "inputs": {
        "community-emacs": "community-emacs",
        "forester": "forester",
        "home-manager": "home-manager",
        "homebrew-bundle": "homebrew-bundle",
        "homebrew-cask": "homebrew-cask",
        "homebrew-core": "homebrew-core",
        "nix-darwin": "nix-darwin",
        "nix-homebrew": "nix-homebrew",
        "nixpkgs": "nixpkgs_5",
        "zen-browser": "zen-browser"
      }
    },
    "systems": {
      "locked": {
        "lastModified": 1681028828,
        "narHash": "sha256-Vy1rq5AaRuLzOxct8nz4T6wlgyUR7zLU309k9mBC768=",
        "owner": "nix-systems",
        "repo": "default",
        "rev": "da67096a3b9bf56a91d16901293e51ba5b49a27e",
        "type": "github"
      },
      "original": {
        "owner": "nix-systems",
        "repo": "default",
        "type": "github"
      }
    },
    "systems_2": {
      "locked": {
        "lastModified": 1681028828,
        "narHash": "sha256-Vy1rq5AaRuLzOxct8nz4T6wlgyUR7zLU309k9mBC768=",
        "owner": "nix-systems",
        "repo": "default",
        "rev": "da67096a3b9bf56a91d16901293e51ba5b49a27e",
        "type": "github"
      },
      "original": {
        "owner": "nix-systems",
        "repo": "default",
        "type": "github"
      }
    },
    "zen-browser": {
      "inputs": {
        "nixpkgs": "nixpkgs_6"
      },
      "locked": {
        "lastModified": 1743600524,
        "narHash": "sha256-ZJesdL2jwCwBF4SsWvxNyGuHUv8cGLHIQwJxma6JQR0=",
        "owner": "0xc000022070",
        "repo": "zen-browser-flake",
        "rev": "9818e303273448dde6ada0f7bff8b98f5ce261da",
        "type": "github"
      },
      "original": {
        "owner": "0xc000022070",
        "repo": "zen-browser-flake",
        "type": "github"
      }
    }
  },
  "root": "root",
  "version": 7
}
