{
  "nodes": {
    "brew-src": {
      "flake": false,
      "locked": {
        "lastModified": 1751910772,
        "narHash": "sha256-jQNdIkq2iRDNWskd5f8kX6q9BO/CBSXhMH41WNRft8E=",
        "owner": "Homebrew",
        "repo": "brew",
        "rev": "700d67a85e0129ab8a893ff69246943479e33df1",
        "type": "github"
      },
      "original": {
        "owner": "Homebrew",
        "ref": "4.5.9",
        "repo": "brew",
        "type": "github"
      }
    },
    "community-emacs": {
      "inputs": {
        "nixpkgs": "nixpkgs",
        "nixpkgs-stable": "nixpkgs-stable"
      },
      "locked": {
        "lastModified": 1752633365,
        "narHash": "sha256-+RNuDLsXnNfob8hu3ap3VYOpV/nUT32MXUbJN2DmrMQ=",
        "owner": "nix-community",
        "repo": "emacs-overlay",
        "rev": "3573872da6a5aad4cfa25410eebcb619cfdea9c1",
        "type": "github"
      },
      "original": {
        "owner": "nix-community",
        "repo": "emacs-overlay",
        "type": "github"
      }
    },
    "flake-compat": {
      "flake": false,
      "locked": {
        "lastModified": 1696426674,
        "narHash": "sha256-kvjfFW7WAETZlt09AgDn1MrtKzP7t90Vf7vypd3OL1U=",
        "owner": "edolstra",
        "repo": "flake-compat",
        "rev": "0f9255e01c2351cc7d116c072cb317785dd33b33",
        "type": "github"
      },
      "original": {
        "owner": "edolstra",
        "repo": "flake-compat",
        "type": "github"
      }
    },
    "flake-utils": {
      "inputs": {
        "systems": "systems"
      },
      "locked": {
        "lastModified": 1731533236,
        "narHash": "sha256-l0KFg5HjrsfsO/JpG+r7fRrqm12kzFHyUHqHCVpMMbI=",
        "owner": "numtide",
        "repo": "flake-utils",
        "rev": "11707dc2f618dd54ca8739b309ec4fc024de578b",
        "type": "github"
      },
      "original": {
        "owner": "numtide",
        "repo": "flake-utils",
        "type": "github"
      }
    },
    "flake-utils_2": {
      "inputs": {
        "systems": "systems_2"
      },
      "locked": {
        "lastModified": 1726560853,
        "narHash": "sha256-X6rJYSESBVr3hBoH0WbKE5KvhPU5bloyZ2L4K60/fPQ=",
        "owner": "numtide",
        "repo": "flake-utils",
        "rev": "c1dfcf08411b08f6b8615f7d8971a2bfa81d5e8a",
        "type": "github"
      },
      "original": {
        "owner": "numtide",
        "repo": "flake-utils",
        "type": "github"
      }
    },
    "forester": {
      "inputs": {
        "flake-utils": "flake-utils",
        "nixpkgs": "nixpkgs_2",
        "opam-nix": "opam-nix",
        "opam-repository": "opam-repository"
      },
      "locked": {
        "lastModified": 1744646836,
        "narHash": "sha256-8QPPyUVae7EUZ7lSShIVAWSCfb9GI29Dz86C7cp8Mmg=",
        "ref": "forester-5.0-dev",
        "rev": "52b4601002217b793f9064e6b6e1e4c85cb79611",
        "revCount": 1080,
        "type": "git",
        "url": "https://git.sr.ht/~stschaef/ocaml-forester"
      },
      "original": {
        "ref": "forester-5.0-dev",
        "type": "git",
        "url": "https://git.sr.ht/~stschaef/ocaml-forester"
      }
    },
    "home-manager": {
      "inputs": {
        "nixpkgs": [
          "nixpkgs"
        ]
      },
      "locked": {
        "lastModified": 1752544374,
        "narHash": "sha256-ReX0NG6nIAEtQQjLqeu1vUU2jjZuMlpymNtb4VQYeus=",
        "owner": "nix-community",
        "repo": "home-manager",
        "rev": "2e00ed310c218127e02ffcf28ddd4e0f669fde3e",
        "type": "github"
      },
      "original": {
        "owner": "nix-community",
        "ref": "release-25.05",
        "repo": "home-manager",
        "type": "github"
      }
    },
    "home-manager_2": {
      "inputs": {
        "nixpkgs": [
          "zen-browser",
          "nixpkgs"
        ]
      },
      "locked": {
        "lastModified": 1743604125,
        "narHash": "sha256-ZD61DNbsBt1mQbinAaaEqKaJk2RFo9R/j+eYWeGMx7A=",
        "owner": "nix-community",
        "repo": "home-manager",
        "rev": "180fd43eea296e62ae68e079fcf56aba268b9a1a",
        "type": "github"
      },
      "original": {
        "owner": "nix-community",
        "repo": "home-manager",
        "type": "github"
      }
    },
    "homebrew-bundle": {
      "flake": false,
      "locked": {
        "lastModified": 1745335228,
        "narHash": "sha256-TIKR2UgtyUmHLNZp255/vLs+1I10hXe+sciMEbAGFwE=",
        "owner": "homebrew",
        "repo": "homebrew-bundle",
        "rev": "a3265c84b232e13048ecbf6fc18a2eedfadbeb08",
        "type": "github"
      },
      "original": {
        "owner": "homebrew",
        "repo": "homebrew-bundle",
        "type": "github"
      }
    },
    "homebrew-cask": {
      "flake": false,
      "locked": {
        "lastModified": 1752676846,
        "narHash": "sha256-qB+pZthdK24BWjqhPrXVQd+75CzGT5GcT0bt8Q0X7NA=",
        "owner": "homebrew",
        "repo": "homebrew-cask",
        "rev": "d6f66d5226f23d917f7dff5045dfc61a0d41e8f2",
        "type": "github"
      },
      "original": {
        "owner": "homebrew",
        "repo": "homebrew-cask",
        "type": "github"
      }
    },
    "homebrew-core": {
      "flake": false,
      "locked": {
        "lastModified": 1752677532,
        "narHash": "sha256-Lm8CLtDcXbY22MOzLd2V7irQvCj6bgBw5JSIawquVZs=",
        "owner": "homebrew",
        "repo": "homebrew-core",
        "rev": "bffa40173b9823f02639e70f75f63c1ef5124fc2",
        "type": "github"
      },
      "original": {
        "owner": "homebrew",
        "repo": "homebrew-core",
        "type": "github"
      }
    },
    "mirage-opam-overlays": {
      "flake": false,
      "locked": {
        "lastModified": 1710922379,
        "narHash": "sha256-j4QREQDUf8oHOX7qg6wAOupgsNQoYlufxoPrgagD+pY=",
        "owner": "dune-universe",
        "repo": "mirage-opam-overlays",
        "rev": "797cb363df3ff763c43c8fbec5cd44de2878757e",
        "type": "github"
      },
      "original": {
        "owner": "dune-universe",
        "repo": "mirage-opam-overlays",
        "type": "github"
      }
    },
    "nix-darwin": {
      "inputs": {
        "nixpkgs": [
          "nixpkgs"
        ]
      },
      "locked": {
        "lastModified": 1749744770,
        "narHash": "sha256-MEM9XXHgBF/Cyv1RES1t6gqAX7/tvayBC1r/KPyK1ls=",
        "owner": "nix-darwin",
        "repo": "nix-darwin",
        "rev": "536f951efb1ccda9b968e3c9dee39fbeb6d3fdeb",
        "type": "github"
      },
      "original": {
        "owner": "nix-darwin",
        "ref": "nix-darwin-25.05",
        "repo": "nix-darwin",
        "type": "github"
      }
    },
    "nix-homebrew": {
      "inputs": {
        "brew-src": "brew-src"
      },
      "locked": {
        "lastModified": 1752160973,
        "narHash": "sha256-BCC8KB7TEtwv7vZN1WDu870tRbXtzUcmF9xNr6ws5Wc=",
        "owner": "zhaofengli-wip",
        "repo": "nix-homebrew",
        "rev": "69c1aa2f136f3c3326d9b6770e0eb54f12832971",
        "type": "github"
      },
      "original": {
        "owner": "zhaofengli-wip",
        "repo": "nix-homebrew",
        "type": "github"
      }
    },
    "nixpkgs": {
      "locked": {
        "lastModified": 1752480373,
        "narHash": "sha256-JHQbm+OcGp32wAsXTE/FLYGNpb+4GLi5oTvCxwSoBOA=",
        "owner": "NixOS",
        "repo": "nixpkgs",
        "rev": "62e0f05ede1da0d54515d4ea8ce9c733f12d9f08",
        "type": "github"
      },
      "original": {
        "owner": "NixOS",
        "ref": "nixos-unstable",
        "repo": "nixpkgs",
        "type": "github"
      }
    },
    "nixpkgs-stable": {
      "locked": {
        "lastModified": 1751274312,
        "narHash": "sha256-/bVBlRpECLVzjV19t5KMdMFWSwKLtb5RyXdjz3LJT+g=",
        "owner": "NixOS",
        "repo": "nixpkgs",
        "rev": "50ab793786d9de88ee30ec4e4c24fb4236fc2674",
        "type": "github"
      },
      "original": {
        "owner": "NixOS",
        "ref": "nixos-24.11",
        "repo": "nixpkgs",
        "type": "github"
      }
    },
    "nixpkgs_2": {
      "locked": {
        "lastModified": 1744463964,
        "narHash": "sha256-LWqduOgLHCFxiTNYi3Uj5Lgz0SR+Xhw3kr/3Xd0GPTM=",
        "owner": "NixOS",
        "repo": "nixpkgs",
        "rev": "2631b0b7abcea6e640ce31cd78ea58910d31e650",
        "type": "github"
      },
      "original": {
        "owner": "NixOS",
        "ref": "nixos-unstable",
        "repo": "nixpkgs",
        "type": "github"
      }
    },
    "nixpkgs_3": {
      "locked": {
        "lastModified": 1752599786,
        "narHash": "sha256-VQ8Dd3qRHx+7fj/biRCwTnvv0zPKvopkZ+y5Y9nuBD8=",
        "owner": "NixOS",
        "repo": "nixpkgs",
        "rev": "a72b1b4f2f68fa2dd93f5e4063bc8585ecad73d8",
        "type": "github"
      },
      "original": {
        "owner": "NixOS",
        "ref": "nixpkgs-25.05-darwin",
        "repo": "nixpkgs",
        "type": "github"
      }
    },
    "nixpkgs_4": {
      "locked": {
        "lastModified": 1743448293,
        "narHash": "sha256-bmEPmSjJakAp/JojZRrUvNcDX2R5/nuX6bm+seVaGhs=",
        "owner": "nixos",
        "repo": "nixpkgs",
        "rev": "77b584d61ff80b4cef9245829a6f1dfad5afdfa3",
        "type": "github"
      },
      "original": {
        "owner": "nixos",
        "ref": "nixos-unstable",
        "repo": "nixpkgs",
        "type": "github"
      }
    },
    "opam-nix": {
      "inputs": {
        "flake-compat": "flake-compat",
        "flake-utils": "flake-utils_2",
        "mirage-opam-overlays": "mirage-opam-overlays",
        "nixpkgs": [
          "forester",
          "nixpkgs"
        ],
        "opam-overlays": "opam-overlays",
        "opam-repository": [
          "forester",
          "opam-repository"
        ],
        "opam2json": "opam2json"
      },
      "locked": {
        "lastModified": 1744377764,
        "narHash": "sha256-CKZLqLgZtMrUyZKlroISYp6Z4aoN1N9xeyk0dPNxGvc=",
        "owner": "tweag",
        "repo": "opam-nix",
        "rev": "33a339b3a871eecfcb0ad3222366e6d8ce4bff6a",
        "type": "github"
      },
      "original": {
        "owner": "tweag",
        "repo": "opam-nix",
        "type": "github"
      }
    },
    "opam-overlays": {
      "flake": false,
      "locked": {
        "lastModified": 1726822209,
        "narHash": "sha256-bwM18ydNT9fYq91xfn4gmS21q322NYrKwfq0ldG9GYw=",
        "owner": "dune-universe",
        "repo": "opam-overlays",
        "rev": "f2bec38beca4aea9e481f2fd3ee319c519124649",
        "type": "github"
      },
      "original": {
        "owner": "dune-universe",
        "repo": "opam-overlays",
        "type": "github"
      }
    },
    "opam-repository": {
      "flake": false,
      "locked": {
        "lastModified": 1744388127,
        "narHash": "sha256-EgMUWmpHJEzwtN19Atho+OaF6KuhvrdR+oLTrpdF5hI=",
        "owner": "ocaml",
        "repo": "opam-repository",
        "rev": "34a3fc46c301a891122df75c17fef6b5358bd68f",
        "type": "github"
      },
      "original": {
        "owner": "ocaml",
        "repo": "opam-repository",
        "type": "github"
      }
    },
    "opam2json": {
      "inputs": {
        "nixpkgs": [
          "forester",
          "opam-nix",
          "nixpkgs"
        ]
      },
      "locked": {
        "lastModified": 1671540003,
        "narHash": "sha256-5pXfbUfpVABtKbii6aaI2EdAZTjHJ2QntEf0QD2O5AM=",
        "owner": "tweag",
        "repo": "opam2json",
        "rev": "819d291ea95e271b0e6027679de6abb4d4f7f680",
        "type": "github"
      },
      "original": {
        "owner": "tweag",
        "repo": "opam2json",
        "type": "github"
      }
    },
    "root": {
      "inputs": {
        "community-emacs": "community-emacs",
        "forester": "forester",
        "home-manager": "home-manager",
        "homebrew-bundle": "homebrew-bundle",
        "homebrew-cask": "homebrew-cask",
        "homebrew-core": "homebrew-core",
        "nix-darwin": "nix-darwin",
        "nix-homebrew": "nix-homebrew",
        "nixpkgs": "nixpkgs_3",
        "rust-overlay": "rust-overlay",
        "zen-browser": "zen-browser"
      }
    },
    "rust-overlay": {
      "inputs": {
        "nixpkgs": [
          "nixpkgs"
        ]
      },
      "locked": {
        "lastModified": 1752633862,
        "narHash": "sha256-Bj7ozT1+5P7NmvDcuAXJvj56txcXuAhk3Vd9FdWFQzk=",
        "owner": "oxalica",
        "repo": "rust-overlay",
        "rev": "8668ca94858206ac3db0860a9dec471de0d995f8",
        "type": "github"
      },
      "original": {
        "owner": "oxalica",
        "repo": "rust-overlay",
        "type": "github"
      }
    },
    "systems": {
      "locked": {
        "lastModified": 1681028828,
        "narHash": "sha256-Vy1rq5AaRuLzOxct8nz4T6wlgyUR7zLU309k9mBC768=",
        "owner": "nix-systems",
        "repo": "default",
        "rev": "da67096a3b9bf56a91d16901293e51ba5b49a27e",
        "type": "github"
      },
      "original": {
        "owner": "nix-systems",
        "repo": "default",
        "type": "github"
      }
    },
    "systems_2": {
      "locked": {
        "lastModified": 1681028828,
        "narHash": "sha256-Vy1rq5AaRuLzOxct8nz4T6wlgyUR7zLU309k9mBC768=",
        "owner": "nix-systems",
        "repo": "default",
        "rev": "da67096a3b9bf56a91d16901293e51ba5b49a27e",
        "type": "github"
      },
      "original": {
        "owner": "nix-systems",
        "repo": "default",
        "type": "github"
      }
    },
    "zen-browser": {
      "inputs": {
        "home-manager": "home-manager_2",
        "nixpkgs": "nixpkgs_4"
      },
      "locked": {
        "lastModified": 1752584655,
        "narHash": "sha256-nPHrsq0vSh0+BqV2xAAVsfoVqzP9KYG7Zicc6oA0nfk=",
        "owner": "0xc000022070",
        "repo": "zen-browser-flake",
        "rev": "759a7860416dfd8c86f383d4ea4009bb034d869c",
        "type": "github"
      },
      "original": {
        "owner": "0xc000022070",
        "repo": "zen-browser-flake",
        "type": "github"
      }
    }
  },
  "root": "root",
  "version": 7
}
